// !$*UTF8*$!
{
	archiveVersion = 1;
	classes = {
	};
	objectVersion = 46;
	objects = {

/* Begin PBXBuildFile section */
		C23E42EE1D49ECAD0013ED07 /* main.m in Sources */ = {isa = PBXBuildFile; fileRef = C23E42ED1D49ECAD0013ED07 /* main.m */; };
		C23E42F11D49ECAD0013ED07 /* AppDelegate.m in Sources */ = {isa = PBXBuildFile; fileRef = C23E42F01D49ECAD0013ED07 /* AppDelegate.m */; };
		C23E42F41D49ECAD0013ED07 /* ViewController.m in Sources */ = {isa = PBXBuildFile; fileRef = C23E42F31D49ECAD0013ED07 /* ViewController.m */; };
		C23E42F71D49ECAD0013ED07 /* Main.storyboard in Resources */ = {isa = PBXBuildFile; fileRef = C23E42F51D49ECAD0013ED07 /* Main.storyboard */; };
		C23E42F91D49ECAD0013ED07 /* Assets.xcassets in Resources */ = {isa = PBXBuildFile; fileRef = C23E42F81D49ECAD0013ED07 /* Assets.xcassets */; };
		C23E42FC1D49ECAD0013ED07 /* LaunchScreen.storyboard in Resources */ = {isa = PBXBuildFile; fileRef = C23E42FA1D49ECAD0013ED07 /* LaunchScreen.storyboard */; };
		C23E43051D49F4DE0013ED07 /* BaseZomb.m in Sources */ = {isa = PBXBuildFile; fileRef = C23E43041D49F4DE0013ED07 /* BaseZomb.m */; };
		C23E43081D4A050D0013ED07 /* Plant.m in Sources */ = {isa = PBXBuildFile; fileRef = C23E43071D4A050D0013ED07 /* Plant.m */; };
		C23E430B1D4A11FD0013ED07 /* Pea.m in Sources */ = {isa = PBXBuildFile; fileRef = C23E430A1D4A11FD0013ED07 /* Pea.m */; };
		C23E430F1D4A12190013ED07 /* IcePea.m in Sources */ = {isa = PBXBuildFile; fileRef = C23E430E1D4A12190013ED07 /* IcePea.m */; };
		C23E43121D4A12260013ED07 /* SunFlower.m in Sources */ = {isa = PBXBuildFile; fileRef = C23E43111D4A12260013ED07 /* SunFlower.m */; };
		C23E43151D4A12400013ED07 /* Nut.m in Sources */ = {isa = PBXBuildFile; fileRef = C23E43141D4A12400013ED07 /* Nut.m */; };
		C23E43191D4A4D670013ED07 /* ZombA.m in Sources */ = {isa = PBXBuildFile; fileRef = C23E43181D4A4D670013ED07 /* ZombA.m */; };
		C23E431C1D4A4D740013ED07 /* ZombB.m in Sources */ = {isa = PBXBuildFile; fileRef = C23E431B1D4A4D740013ED07 /* ZombB.m */; };
		C23E431F1D4A4D7C0013ED07 /* ZombC.m in Sources */ = {isa = PBXBuildFile; fileRef = C23E431E1D4A4D7C0013ED07 /* ZombC.m */; };
		C23E43221D4A4D860013ED07 /* ZombD.m in Sources */ = {isa = PBXBuildFile; fileRef = C23E43211D4A4D860013ED07 /* ZombD.m */; };
/* End PBXBuildFile section */

/* Begin PBXFileReference section */
		C23E42E91D49ECAD0013ED07 /* 植物大战僵尸.app */ = {isa = PBXFileReference; explicitFileType = wrapper.application; includeInIndex = 0; path = "植物大战僵尸.app"; sourceTree = BUILT_PRODUCTS_DIR; };
		C23E42ED1D49ECAD0013ED07 /* main.m */ = {isa = PBXFileReference; lastKnownFileType = sourcecode.c.objc; path = main.m; sourceTree = "<group>"; };
		C23E42EF1D49ECAD0013ED07 /* AppDelegate.h */ = {isa = PBXFileReference; lastKnownFileType = sourcecode.c.h; path = AppDelegate.h; sourceTree = "<group>"; };
		C23E42F01D49ECAD0013ED07 /* AppDelegate.m */ = {isa = PBXFileReference; lastKnownFileType = sourcecode.c.objc; path = AppDelegate.m; sourceTree = "<group>"; };
		C23E42F21D49ECAD0013ED07 /* ViewController.h */ = {isa = PBXFileReference; lastKnownFileType = sourcecode.c.h; path = ViewController.h; sourceTree = "<group>"; };
		C23E42F31D49ECAD0013ED07 /* ViewController.m */ = {isa = PBXFileReference; lastKnownFileType = sourcecode.c.objc; path = ViewController.m; sourceTree = "<group>"; };
		C23E42F61D49ECAD0013ED07 /* Base */ = {isa = PBXFileReference; lastKnownFileType = file.storyboard; name = Base; path = Base.lproj/Main.storyboard; sourceTree = "<group>"; };
		C23E42F81D49ECAD0013ED07 /* Assets.xcassets */ = {isa = PBXFileReference; lastKnownFileType = folder.assetcatalog; path = Assets.xcassets; sourceTree = "<group>"; };
		C23E42FB1D49ECAD0013ED07 /* Base */ = {isa = PBXFileReference; lastKnownFileType = file.storyboard; name = Base; path = Base.lproj/LaunchScreen.storyboard; sourceTree = "<group>"; };
		C23E42FD1D49ECAD0013ED07 /* Info.plist */ = {isa = PBXFileReference; lastKnownFileType = text.plist.xml; path = Info.plist; sourceTree = "<group>"; };
		C23E43031D49F4DE0013ED07 /* BaseZomb.h */ = {isa = PBXFileReference; fileEncoding = 4; lastKnownFileType = sourcecode.c.h; path = BaseZomb.h; sourceTree = "<group>"; };
		C23E43041D49F4DE0013ED07 /* BaseZomb.m */ = {isa = PBXFileReference; fileEncoding = 4; lastKnownFileType = sourcecode.c.objc; path = BaseZomb.m; sourceTree = "<group>"; };
		C23E43061D4A050D0013ED07 /* Plant.h */ = {isa = PBXFileReference; fileEncoding = 4; lastKnownFileType = sourcecode.c.h; path = Plant.h; sourceTree = "<group>"; };
		C23E43071D4A050D0013ED07 /* Plant.m */ = {isa = PBXFileReference; fileEncoding = 4; lastKnownFileType = sourcecode.c.objc; path = Plant.m; sourceTree = "<group>"; };
		C23E43091D4A11FD0013ED07 /* Pea.h */ = {isa = PBXFileReference; fileEncoding = 4; lastKnownFileType = sourcecode.c.h; path = Pea.h; sourceTree = "<group>"; };
		C23E430A1D4A11FD0013ED07 /* Pea.m */ = {isa = PBXFileReference; fileEncoding = 4; lastKnownFileType = sourcecode.c.objc; path = Pea.m; sourceTree = "<group>"; };
		C23E430D1D4A12190013ED07 /* IcePea.h */ = {isa = PBXFileReference; fileEncoding = 4; lastKnownFileType = sourcecode.c.h; path = IcePea.h; sourceTree = "<group>"; };
		C23E430E1D4A12190013ED07 /* IcePea.m */ = {isa = PBXFileReference; fileEncoding = 4; lastKnownFileType = sourcecode.c.objc; path = IcePea.m; sourceTree = "<group>"; };
		C23E43101D4A12260013ED07 /* SunFlower.h */ = {isa = PBXFileReference; fileEncoding = 4; lastKnownFileType = sourcecode.c.h; path = SunFlower.h; sourceTree = "<group>"; };
		C23E43111D4A12260013ED07 /* SunFlower.m */ = {isa = PBXFileReference; fileEncoding = 4; lastKnownFileType = sourcecode.c.objc; path = SunFlower.m; sourceTree = "<group>"; };
		C23E43131D4A12400013ED07 /* Nut.h */ = {isa = PBXFileReference; fileEncoding = 4; lastKnownFileType = sourcecode.c.h; path = Nut.h; sourceTree = "<group>"; };
		C23E43141D4A12400013ED07 /* Nut.m */ = {isa = PBXFileReference; fileEncoding = 4; lastKnownFileType = sourcecode.c.objc; path = Nut.m; sourceTree = "<group>"; };
		C23E43171D4A4D670013ED07 /* ZombA.h */ = {isa = PBXFileReference; fileEncoding = 4; lastKnownFileType = sourcecode.c.h; path = ZombA.h; sourceTree = "<group>"; };
		C23E43181D4A4D670013ED07 /* ZombA.m */ = {isa = PBXFileReference; fileEncoding = 4; lastKnownFileType = sourcecode.c.objc; path = ZombA.m; sourceTree = "<group>"; };
		C23E431A1D4A4D740013ED07 /* ZombB.h */ = {isa = PBXFileReference; fileEncoding = 4; lastKnownFileType = sourcecode.c.h; path = ZombB.h; sourceTree = "<group>"; };
		C23E431B1D4A4D740013ED07 /* ZombB.m */ = {isa = PBXFileReference; fileEncoding = 4; lastKnownFileType = sourcecode.c.objc; path = ZombB.m; sourceTree = "<group>"; };
		C23E431D1D4A4D7C0013ED07 /* ZombC.h */ = {isa = PBXFileReference; fileEncoding = 4; lastKnownFileType = sourcecode.c.h; path = ZombC.h; sourceTree = "<group>"; };
		C23E431E1D4A4D7C0013ED07 /* ZombC.m */ = {isa = PBXFileReference; fileEncoding = 4; lastKnownFileType = sourcecode.c.objc; path = ZombC.m; sourceTree = "<group>"; };
		C23E43201D4A4D860013ED07 /* ZombD.h */ = {isa = PBXFileReference; fileEncoding = 4; lastKnownFileType = sourcecode.c.h; path = ZombD.h; sourceTree = "<group>"; };
		C23E43211D4A4D860013ED07 /* ZombD.m */ = {isa = PBXFileReference; fileEncoding = 4; lastKnownFileType = sourcecode.c.objc; path = ZombD.m; sourceTree = "<group>"; };
/* End PBXFileReference section */

/* Begin PBXFrameworksBuildPhase section */
		C23E42E61D49ECAD0013ED07 /* Frameworks */ = {
			isa = PBXFrameworksBuildPhase;
			buildActionMask = 2147483647;
			files = (
			);
			runOnlyForDeploymentPostprocessing = 0;
		};
/* End PBXFrameworksBuildPhase section */

/* Begin PBXGroup section */
		C23E42E01D49ECAD0013ED07 = {
			isa = PBXGroup;
			children = (
				C23E42EB1D49ECAD0013ED07 /* 植物大战僵尸 */,
				C23E42EA1D49ECAD0013ED07 /* Products */,
			);
			sourceTree = "<group>";
		};
		C23E42EA1D49ECAD0013ED07 /* Products */ = {
			isa = PBXGroup;
			children = (
				C23E42E91D49ECAD0013ED07 /* 植物大战僵尸.app */,
			);
			name = Products;
			sourceTree = "<group>";
		};
		C23E42EB1D49ECAD0013ED07 /* 植物大战僵尸 */ = {
			isa = PBXGroup;
			children = (
				C23E43161D4A4C580013ED07 /* Zomb */,
				C23E430C1D4A12030013ED07 /* Plant */,
				C23E42EF1D49ECAD0013ED07 /* AppDelegate.h */,
				C23E42F01D49ECAD0013ED07 /* AppDelegate.m */,
				C23E42F21D49ECAD0013ED07 /* ViewController.h */,
				C23E42F31D49ECAD0013ED07 /* ViewController.m */,
				C23E42F51D49ECAD0013ED07 /* Main.storyboard */,
				C23E42F81D49ECAD0013ED07 /* Assets.xcassets */,
				C23E42FA1D49ECAD0013ED07 /* LaunchScreen.storyboard */,
				C23E42FD1D49ECAD0013ED07 /* Info.plist */,
				C23E42EC1D49ECAD0013ED07 /* Supporting Files */,
			);
			path = "植物大战僵尸";
			sourceTree = "<group>";
		};
		C23E42EC1D49ECAD0013ED07 /* Supporting Files */ = {
			isa = PBXGroup;
			children = (
				C23E42ED1D49ECAD0013ED07 /* main.m */,
			);
			name = "Supporting Files";
			sourceTree = "<group>";
		};
		C23E430C1D4A12030013ED07 /* Plant */ = {
			isa = PBXGroup;
			children = (
				C23E43061D4A050D0013ED07 /* Plant.h */,
				C23E43071D4A050D0013ED07 /* Plant.m */,
				C23E43091D4A11FD0013ED07 /* Pea.h */,
				C23E430A1D4A11FD0013ED07 /* Pea.m */,
				C23E430D1D4A12190013ED07 /* IcePea.h */,
				C23E430E1D4A12190013ED07 /* IcePea.m */,
				C23E43101D4A12260013ED07 /* SunFlower.h */,
				C23E43111D4A12260013ED07 /* SunFlower.m */,
				C23E43131D4A12400013ED07 /* Nut.h */,
				C23E43141D4A12400013ED07 /* Nut.m */,
			);
			name = Plant;
			sourceTree = "<group>";
		};
		C23E43161D4A4C580013ED07 /* Zomb */ = {
			isa = PBXGroup;
			children = (
				C23E43031D49F4DE0013ED07 /* BaseZomb.h */,
				C23E43041D49F4DE0013ED07 /* BaseZomb.m */,
				C23E43171D4A4D670013ED07 /* ZombA.h */,
				C23E43181D4A4D670013ED07 /* ZombA.m */,
				C23E431A1D4A4D740013ED07 /* ZombB.h */,
				C23E431B1D4A4D740013ED07 /* ZombB.m */,
				C23E431D1D4A4D7C0013ED07 /* ZombC.h */,
				C23E431E1D4A4D7C0013ED07 /* ZombC.m */,
				C23E43201D4A4D860013ED07 /* ZombD.h */,
				C23E43211D4A4D860013ED07 /* ZombD.m */,
			);
			name = Zomb;
			sourceTree = "<group>";
		};
/* End PBXGroup section */

/* Begin PBXNativeTarget section */
		C23E42E81D49ECAD0013ED07 /* 植物大战僵尸 */ = {
			isa = PBXNativeTarget;
			buildConfigurationList = C23E43001D49ECAD0013ED07 /* Build configuration list for PBXNativeTarget "植物大战僵尸" */;
			buildPhases = (
				C23E42E51D49ECAD0013ED07 /* Sources */,
				C23E42E61D49ECAD0013ED07 /* Frameworks */,
				C23E42E71D49ECAD0013ED07 /* Resources */,
			);
			buildRules = (
			);
			dependencies = (
			);
			name = "植物大战僵尸";
			productName = "植物大战僵尸";
			productReference = C23E42E91D49ECAD0013ED07 /* 植物大战僵尸.app */;
			productType = "com.apple.product-type.application";
		};
/* End PBXNativeTarget section */

/* Begin PBXProject section */
		C23E42E11D49ECAD0013ED07 /* Project object */ = {
			isa = PBXProject;
			attributes = {
				LastUpgradeCheck = 0720;
				ORGANIZATIONNAME = orange;
				TargetAttributes = {
					C23E42E81D49ECAD0013ED07 = {
						CreatedOnToolsVersion = 7.2;
						DevelopmentTeam = A6KB4HJC23;
					};
				};
			};
			buildConfigurationList = C23E42E41D49ECAD0013ED07 /* Build configuration list for PBXProject "植物大战僵尸" */;
			compatibilityVersion = "Xcode 3.2";
			developmentRegion = English;
			hasScannedForEncodings = 0;
			knownRegions = (
				en,
				Base,
			);
			mainGroup = C23E42E01D49ECAD0013ED07;
			productRefGroup = C23E42EA1D49ECAD0013ED07 /* Products */;
			projectDirPath = "";
			projectRoot = "";
			targets = (
				C23E42E81D49ECAD0013ED07 /* 植物大战僵尸 */,
			);
		};
/* End PBXProject section */

/* Begin PBXResourcesBuildPhase section */
		C23E42E71D49ECAD0013ED07 /* Resources */ = {
			isa = PBXResourcesBuildPhase;
			buildActionMask = 2147483647;
			files = (
				C23E42FC1D49ECAD0013ED07 /* LaunchScreen.storyboard in Resources */,
				C23E42F91D49ECAD0013ED07 /* Assets.xcassets in Resources */,
				C23E42F71D49ECAD0013ED07 /* Main.storyboard in Resources */,
			);
			runOnlyForDeploymentPostprocessing = 0;
		};
/* End PBXResourcesBuildPhase section */

/* Begin PBXSourcesBuildPhase section */
		C23E42E51D49ECAD0013ED07 /* Sources */ = {
			isa = PBXSourcesBuildPhase;
			buildActionMask = 2147483647;
			files = (
				C23E430B1D4A11FD0013ED07 /* Pea.m in Sources */,
				C23E431C1D4A4D740013ED07 /* ZombB.m in Sources */,
				C23E43051D49F4DE0013ED07 /* BaseZomb.m in Sources */,
				C23E43221D4A4D860013ED07 /* ZombD.m in Sources */,
				C23E42F41D49ECAD0013ED07 /* ViewController.m in Sources */,
				C23E43151D4A12400013ED07 /* Nut.m in Sources */,
				C23E43121D4A12260013ED07 /* SunFlower.m in Sources */,
				C23E43081D4A050D0013ED07 /* Plant.m in Sources */,
				C23E430F1D4A12190013ED07 /* IcePea.m in Sources */,
				C23E42F11D49ECAD0013ED07 /* AppDelegate.m in Sources */,
				C23E431F1D4A4D7C0013ED07 /* ZombC.m in Sources */,
				C23E42EE1D49ECAD0013ED07 /* main.m in Sources */,
				C23E43191D4A4D670013ED07 /* ZombA.m in Sources */,
			);
			runOnlyForDeploymentPostprocessing = 0;
		};
/* End PBXSourcesBuildPhase section */

/* Begin PBXVariantGroup section */
		C23E42F51D49ECAD0013ED07 /* Main.storyboard */ = {
			isa = PBXVariantGroup;
			children = (
				C23E42F61D49ECAD0013ED07 /* Base */,
			);
			name = Main.storyboard;
			sourceTree = "<group>";
		};
		C23E42FA1D49ECAD0013ED07 /* LaunchScreen.storyboard */ = {
			isa = PBXVariantGroup;
			children = (
				C23E42FB1D49ECAD0013ED07 /* Base */,
			);
			name = LaunchScreen.storyboard;
			sourceTree = "<group>";
		};
/* End PBXVariantGroup section */

/* Begin XCBuildConfiguration section */
		C23E42FE1D49ECAD0013ED07 /* Debug */ = {
			isa = XCBuildConfiguration;
			buildSettings = {
				ALWAYS_SEARCH_USER_PATHS = NO;
				CLANG_CXX_LANGUAGE_STANDARD = "gnu++0x";
				CLANG_CXX_LIBRARY = "libc++";
				CLANG_ENABLE_MODULES = YES;
				CLANG_ENABLE_OBJC_ARC = YES;
				CLANG_WARN_BOOL_CONVERSION = YES;
				CLANG_WARN_CONSTANT_CONVERSION = YES;
				CLANG_WARN_DIRECT_OBJC_ISA_USAGE = YES_ERROR;
				CLANG_WARN_EMPTY_BODY = YES;
				CLANG_WARN_ENUM_CONVERSION = YES;
				CLANG_WARN_INT_CONVERSION = YES;
				CLANG_WARN_OBJC_ROOT_CLASS = YES_ERROR;
				CLANG_WARN_UNREACHABLE_CODE = YES;
				CLANG_WARN__DUPLICATE_METHOD_MATCH = YES;
				"CODE_SIGN_IDENTITY[sdk=iphoneos*]" = "iPhone Developer";
				COPY_PHASE_STRIP = NO;
				DEBUG_INFORMATION_FORMAT = dwarf;
				ENABLE_STRICT_OBJC_MSGSEND = YES;
				ENABLE_TESTABILITY = YES;
				GCC_C_LANGUAGE_STANDARD = gnu99;
				GCC_DYNAMIC_NO_PIC = NO;
				GCC_NO_COMMON_BLOCKS = YES;
				GCC_OPTIMIZATION_LEVEL = 0;
				GCC_PREPROCESSOR_DEFINITIONS = (
					"DEBUG=1",
					"$(inherited)",
				);
				GCC_WARN_64_TO_32_BIT_CONVERSION = YES;
				GCC_WARN_ABOUT_RETURN_TYPE = YES_ERROR;
				GCC_WARN_UNDECLARED_SELECTOR = YES;
				GCC_WARN_UNINITIALIZED_AUTOS = YES_AGGRESSIVE;
				GCC_WARN_UNUSED_FUNCTION = YES;
				GCC_WARN_UNUSED_VARIABLE = YES;
				IPHONEOS_DEPLOYMENT_TARGET = 9.2;
				MTL_ENABLE_DEBUG_INFO = YES;
				ONLY_ACTIVE_ARCH = YES;
				SDKROOT = iphoneos;
				TARGETED_DEVICE_FAMILY = "1,2";
			};
			name = Debug;
		};
		C23E42FF1D49ECAD0013ED07 /* Release */ = {
			isa = XCBuildConfiguration;
			buildSettings = {
				ALWAYS_SEARCH_USER_PATHS = NO;
				CLANG_CXX_LANGUAGE_STANDARD = "gnu++0x";
				CLANG_CXX_LIBRARY = "libc++";
				CLANG_ENABLE_MODULES = YES;
				CLANG_ENABLE_OBJC_ARC = YES;
				CLANG_WARN_BOOL_CONVERSION = YES;
				CLANG_WARN_CONSTANT_CONVERSION = YES;
				CLANG_WARN_DIRECT_OBJC_ISA_USAGE = YES_ERROR;
				CLANG_WARN_EMPTY_BODY = YES;
				CLANG_WARN_ENUM_CONVERSION = YES;
				CLANG_WARN_INT_CONVERSION = YES;
				CLANG_WARN_OBJC_ROOT_CLASS = YES_ERROR;
				CLANG_WARN_UNREACHABLE_CODE = YES;
				CLANG_WARN__DUPLICATE_METHOD_MATCH = YES;
				"CODE_SIGN_IDENTITY[sdk=iphoneos*]" = "iPhone Developer";
				COPY_PHASE_STRIP = NO;
				DEBUG_INFORMATION_FORMAT = "dwarf-with-dsym";
				ENABLE_NS_ASSERTIONS = NO;
				ENABLE_STRICT_OBJC_MSGSEND = YES;
				GCC_C_LANGUAGE_STANDARD = gnu99;
				GCC_NO_COMMON_BLOCKS = YES;
				GCC_WARN_64_TO_32_BIT_CONVERSION = YES;
				GCC_WARN_ABOUT_RETURN_TYPE = YES_ERROR;
				GCC_WARN_UNDECLARED_SELECTOR = YES;
				GCC_WARN_UNINITIALIZED_AUTOS = YES_AGGRESSIVE;
				GCC_WARN_UNUSED_FUNCTION = YES;
				GCC_WARN_UNUSED_VARIABLE = YES;
				IPHONEOS_DEPLOYMENT_TARGET = 9.2;
				MTL_ENABLE_DEBUG_INFO = NO;
				SDKROOT = iphoneos;
				TARGETED_DEVICE_FAMILY = "1,2";
				VALIDATE_PRODUCT = YES;
			};
			name = Release;
		};
		C23E43011D49ECAD0013ED07 /* Debug */ = {
			isa = XCBuildConfiguration;
			buildSettings = {
				ASSETCATALOG_COMPILER_APPICON_NAME = AppIcon;
				INFOPLIST_FILE = "植物大战僵尸/Info.plist";
				LD_RUNPATH_SEARCH_PATHS = "$(inherited) @executable_path/Frameworks";
				PRODUCT_BUNDLE_IDENTIFIER = "com.orange.project.------";
				PRODUCT_NAME = "$(TARGET_NAME)";
			};
			name = Debug;
		};
		C23E43021D49ECAD0013ED07 /* Release */ = {
			isa = XCBuildConfiguration;
			buildSettings = {
				ASSETCATALOG_COMPILER_APPICON_NAME = AppIcon;
				INFOPLIST_FILE = "植物大战僵尸/Info.plist";
				LD_RUNPATH_SEARCH_PATHS = "$(inherited) @executable_path/Frameworks";
				PRODUCT_BUNDLE_IDENTIFIER = "com.orange.project.------";
				PRODUCT_NAME = "$(TARGET_NAME)";
			};
			name = Release;
		};
/* End XCBuildConfiguration section */

/* Begin XCConfigurationList section */
		C23E42E41D49ECAD0013ED07 /* Build configuration list for PBXProject "植物大战僵尸" */ = {
			isa = XCConfigurationList;
			buildConfigurations = (
				C23E42FE1D49ECAD0013ED07 /* Debug */,
				C23E42FF1D49ECAD0013ED07 /* Release */,
			);
			defaultConfigurationIsVisible = 0;
			defaultConfigurationName = Release;
		};
		C23E43001D49ECAD0013ED07 /* Build configuration list for PBXNativeTarget "植物大战僵尸" */ = {
			isa = XCConfigurationList;
			buildConfigurations = (
				C23E43011D49ECAD0013ED07 /* Debug */,
				C23E43021D49ECAD0013ED07 /* Release */,
			);
			defaultConfigurationIsVisible = 0;
		};
/* End XCConfigurationList section */
	};
	rootObject = C23E42E11D49ECAD0013ED07 /* Project object */;
}
